// !$*UTF8*$!
{
	archiveVersion = 1;
	classes = {
	};
	objectVersion = 56;
	objects = {

/* Begin PBXBuildFile section */
		0A5503302A77D5F800EF79BB /* AppDelegate.swift in Sources */ = {isa = PBXBuildFile; fileRef = 0A55032F2A77D5F800EF79BB /* AppDelegate.swift */; };
		0A5503322A77D5F800EF79BB /* SceneDelegate.swift in Sources */ = {isa = PBXBuildFile; fileRef = 0A5503312A77D5F800EF79BB /* SceneDelegate.swift */; };
		0A5503342A77D5F800EF79BB /* FirstViewController.swift in Sources */ = {isa = PBXBuildFile; fileRef = 0A5503332A77D5F800EF79BB /* FirstViewController.swift */; };
		0A5503372A77D5F800EF79BB /* Main.storyboard in Resources */ = {isa = PBXBuildFile; fileRef = 0A5503352A77D5F800EF79BB /* Main.storyboard */; };
		0A5503392A77D5F900EF79BB /* Assets.xcassets in Resources */ = {isa = PBXBuildFile; fileRef = 0A5503382A77D5F900EF79BB /* Assets.xcassets */; };
		0A55033C2A77D5F900EF79BB /* LaunchScreen.storyboard in Resources */ = {isa = PBXBuildFile; fileRef = 0A55033A2A77D5F900EF79BB /* LaunchScreen.storyboard */; };
		0A5503472A77D5F900EF79BB /* ProtocolAndDelegatesDataPassingDemoTests.swift in Sources */ = {isa = PBXBuildFile; fileRef = 0A5503462A77D5F900EF79BB /* ProtocolAndDelegatesDataPassingDemoTests.swift */; };
		0A5503512A77D5F900EF79BB /* ProtocolAndDelegatesDataPassingDemoUITests.swift in Sources */ = {isa = PBXBuildFile; fileRef = 0A5503502A77D5F900EF79BB /* ProtocolAndDelegatesDataPassingDemoUITests.swift */; };
		0A5503532A77D5F900EF79BB /* ProtocolAndDelegatesDataPassingDemoUITestsLaunchTests.swift in Sources */ = {isa = PBXBuildFile; fileRef = 0A5503522A77D5F900EF79BB /* ProtocolAndDelegatesDataPassingDemoUITestsLaunchTests.swift */; };
		0A5503602A77D6FF00EF79BB /* SecondViewController.swift in Sources */ = {isa = PBXBuildFile; fileRef = 0A55035F2A77D6FF00EF79BB /* SecondViewController.swift */; };
/* End PBXBuildFile section */

/* Begin PBXContainerItemProxy section */
		0A5503432A77D5F900EF79BB /* PBXContainerItemProxy */ = {
			isa = PBXContainerItemProxy;
			containerPortal = 0A5503242A77D5F800EF79BB /* Project object */;
			proxyType = 1;
			remoteGlobalIDString = 0A55032B2A77D5F800EF79BB;
			remoteInfo = ProtocolAndDelegatesDataPassingDemo;
		};
		0A55034D2A77D5F900EF79BB /* PBXContainerItemProxy */ = {
			isa = PBXContainerItemProxy;
			containerPortal = 0A5503242A77D5F800EF79BB /* Project object */;
			proxyType = 1;
			remoteGlobalIDString = 0A55032B2A77D5F800EF79BB;
			remoteInfo = ProtocolAndDelegatesDataPassingDemo;
		};
/* End PBXContainerItemProxy section */

/* Begin PBXFileReference section */
		0A55032C2A77D5F800EF79BB /* ProtocolAndDelegatesDataPassingDemo.app */ = {isa = PBXFileReference; explicitFileType = wrapper.application; includeInIndex = 0; path = ProtocolAndDelegatesDataPassingDemo.app; sourceTree = BUILT_PRODUCTS_DIR; };
		0A55032F2A77D5F800EF79BB /* AppDelegate.swift */ = {isa = PBXFileReference; lastKnownFileType = sourcecode.swift; path = AppDelegate.swift; sourceTree = "<group>"; };
		0A5503312A77D5F800EF79BB /* SceneDelegate.swift */ = {isa = PBXFileReference; lastKnownFileType = sourcecode.swift; path = SceneDelegate.swift; sourceTree = "<group>"; };
		0A5503332A77D5F800EF79BB /* FirstViewController.swift */ = {isa = PBXFileReference; lastKnownFileType = sourcecode.swift; path = FirstViewController.swift; sourceTree = "<group>"; };
		0A5503362A77D5F800EF79BB /* Base */ = {isa = PBXFileReference; lastKnownFileType = file.storyboard; name = Base; path = Base.lproj/Main.storyboard; sourceTree = "<group>"; };
		0A5503382A77D5F900EF79BB /* Assets.xcassets */ = {isa = PBXFileReference; lastKnownFileType = folder.assetcatalog; path = Assets.xcassets; sourceTree = "<group>"; };
		0A55033B2A77D5F900EF79BB /* Base */ = {isa = PBXFileReference; lastKnownFileType = file.storyboard; name = Base; path = Base.lproj/LaunchScreen.storyboard; sourceTree = "<group>"; };
		0A55033D2A77D5F900EF79BB /* Info.plist */ = {isa = PBXFileReference; lastKnownFileType = text.plist.xml; path = Info.plist; sourceTree = "<group>"; };
		0A5503422A77D5F900EF79BB /* ProtocolAndDelegatesDataPassingDemoTests.xctest */ = {isa = PBXFileReference; explicitFileType = wrapper.cfbundle; includeInIndex = 0; path = ProtocolAndDelegatesDataPassingDemoTests.xctest; sourceTree = BUILT_PRODUCTS_DIR; };
		0A5503462A77D5F900EF79BB /* ProtocolAndDelegatesDataPassingDemoTests.swift */ = {isa = PBXFileReference; lastKnownFileType = sourcecode.swift; path = ProtocolAndDelegatesDataPassingDemoTests.swift; sourceTree = "<group>"; };
		0A55034C2A77D5F900EF79BB /* ProtocolAndDelegatesDataPassingDemoUITests.xctest */ = {isa = PBXFileReference; explicitFileType = wrapper.cfbundle; includeInIndex = 0; path = ProtocolAndDelegatesDataPassingDemoUITests.xctest; sourceTree = BUILT_PRODUCTS_DIR; };
		0A5503502A77D5F900EF79BB /* ProtocolAndDelegatesDataPassingDemoUITests.swift */ = {isa = PBXFileReference; lastKnownFileType = sourcecode.swift; path = ProtocolAndDelegatesDataPassingDemoUITests.swift; sourceTree = "<group>"; };
		0A5503522A77D5F900EF79BB /* ProtocolAndDelegatesDataPassingDemoUITestsLaunchTests.swift */ = {isa = PBXFileReference; lastKnownFileType = sourcecode.swift; path = ProtocolAndDelegatesDataPassingDemoUITestsLaunchTests.swift; sourceTree = "<group>"; };
		0A55035F2A77D6FF00EF79BB /* SecondViewController.swift */ = {isa = PBXFileReference; lastKnownFileType = sourcecode.swift; path = SecondViewController.swift; sourceTree = "<group>"; };
/* End PBXFileReference section */

/* Begin PBXFrameworksBuildPhase section */
		0A5503292A77D5F800EF79BB /* Frameworks */ = {
			isa = PBXFrameworksBuildPhase;
			buildActionMask = 2147483647;
			files = (
			);
			runOnlyForDeploymentPostprocessing = 0;
		};
		0A55033F2A77D5F900EF79BB /* Frameworks */ = {
			isa = PBXFrameworksBuildPhase;
			buildActionMask = 2147483647;
			files = (
			);
			runOnlyForDeploymentPostprocessing = 0;
		};
		0A5503492A77D5F900EF79BB /* Frameworks */ = {
			isa = PBXFrameworksBuildPhase;
			buildActionMask = 2147483647;
			files = (
			);
			runOnlyForDeploymentPostprocessing = 0;
		};
/* End PBXFrameworksBuildPhase section */

/* Begin PBXGroup section */
		0A5503232A77D5F800EF79BB = {
			isa = PBXGroup;
			children = (
				0A55032E2A77D5F800EF79BB /* ProtocolAndDelegatesDataPassingDemo */,
				0A5503452A77D5F900EF79BB /* ProtocolAndDelegatesDataPassingDemoTests */,
				0A55034F2A77D5F900EF79BB /* ProtocolAndDelegatesDataPassingDemoUITests */,
				0A55032D2A77D5F800EF79BB /* Products */,
			);
			sourceTree = "<group>";
		};
		0A55032D2A77D5F800EF79BB /* Products */ = {
			isa = PBXGroup;
			children = (
				0A55032C2A77D5F800EF79BB /* ProtocolAndDelegatesDataPassingDemo.app */,
				0A5503422A77D5F900EF79BB /* ProtocolAndDelegatesDataPassingDemoTests.xctest */,
				0A55034C2A77D5F900EF79BB /* ProtocolAndDelegatesDataPassingDemoUITests.xctest */,
			);
			name = Products;
			sourceTree = "<group>";
		};
		0A55032E2A77D5F800EF79BB /* ProtocolAndDelegatesDataPassingDemo */ = {
			isa = PBXGroup;
			children = (
				0A55032F2A77D5F800EF79BB /* AppDelegate.swift */,
				0A5503312A77D5F800EF79BB /* SceneDelegate.swift */,
				0A5503332A77D5F800EF79BB /* FirstViewController.swift */,
				0A55035F2A77D6FF00EF79BB /* SecondViewController.swift */,
				0A5503352A77D5F800EF79BB /* Main.storyboard */,
				0A5503382A77D5F900EF79BB /* Assets.xcassets */,
				0A55033A2A77D5F900EF79BB /* LaunchScreen.storyboard */,
				0A55033D2A77D5F900EF79BB /* Info.plist */,
			);
			path = ProtocolAndDelegatesDataPassingDemo;
			sourceTree = "<group>";
		};
		0A5503452A77D5F900EF79BB /* ProtocolAndDelegatesDataPassingDemoTests */ = {
			isa = PBXGroup;
			children = (
				0A5503462A77D5F900EF79BB /* ProtocolAndDelegatesDataPassingDemoTests.swift */,
			);
			path = ProtocolAndDelegatesDataPassingDemoTests;
			sourceTree = "<group>";
		};
		0A55034F2A77D5F900EF79BB /* ProtocolAndDelegatesDataPassingDemoUITests */ = {
			isa = PBXGroup;
			children = (
				0A5503502A77D5F900EF79BB /* ProtocolAndDelegatesDataPassingDemoUITests.swift */,
				0A5503522A77D5F900EF79BB /* ProtocolAndDelegatesDataPassingDemoUITestsLaunchTests.swift */,
			);
			path = ProtocolAndDelegatesDataPassingDemoUITests;
			sourceTree = "<group>";
		};
/* End PBXGroup section */

/* Begin PBXNativeTarget section */
		0A55032B2A77D5F800EF79BB /* ProtocolAndDelegatesDataPassingDemo */ = {
			isa = PBXNativeTarget;
			buildConfigurationList = 0A5503562A77D5F900EF79BB /* Build configuration list for PBXNativeTarget "ProtocolAndDelegatesDataPassingDemo" */;
			buildPhases = (
				0A5503282A77D5F800EF79BB /* Sources */,
				0A5503292A77D5F800EF79BB /* Frameworks */,
				0A55032A2A77D5F800EF79BB /* Resources */,
			);
			buildRules = (
			);
			dependencies = (
			);
			name = ProtocolAndDelegatesDataPassingDemo;
			productName = ProtocolAndDelegatesDataPassingDemo;
			productReference = 0A55032C2A77D5F800EF79BB /* ProtocolAndDelegatesDataPassingDemo.app */;
			productType = "com.apple.product-type.application";
		};
		0A5503412A77D5F900EF79BB /* ProtocolAndDelegatesDataPassingDemoTests */ = {
			isa = PBXNativeTarget;
			buildConfigurationList = 0A5503592A77D5F900EF79BB /* Build configuration list for PBXNativeTarget "ProtocolAndDelegatesDataPassingDemoTests" */;
			buildPhases = (
				0A55033E2A77D5F900EF79BB /* Sources */,
				0A55033F2A77D5F900EF79BB /* Frameworks */,
				0A5503402A77D5F900EF79BB /* Resources */,
			);
			buildRules = (
			);
			dependencies = (
				0A5503442A77D5F900EF79BB /* PBXTargetDependency */,
			);
			name = ProtocolAndDelegatesDataPassingDemoTests;
			productName = ProtocolAndDelegatesDataPassingDemoTests;
			productReference = 0A5503422A77D5F900EF79BB /* ProtocolAndDelegatesDataPassingDemoTests.xctest */;
			productType = "com.apple.product-type.bundle.unit-test";
		};
		0A55034B2A77D5F900EF79BB /* ProtocolAndDelegatesDataPassingDemoUITests */ = {
			isa = PBXNativeTarget;
			buildConfigurationList = 0A55035C2A77D5F900EF79BB /* Build configuration list for PBXNativeTarget "ProtocolAndDelegatesDataPassingDemoUITests" */;
			buildPhases = (
				0A5503482A77D5F900EF79BB /* Sources */,
				0A5503492A77D5F900EF79BB /* Frameworks */,
				0A55034A2A77D5F900EF79BB /* Resources */,
			);
			buildRules = (
			);
			dependencies = (
				0A55034E2A77D5F900EF79BB /* PBXTargetDependency */,
			);
			name = ProtocolAndDelegatesDataPassingDemoUITests;
			productName = ProtocolAndDelegatesDataPassingDemoUITests;
			productReference = 0A55034C2A77D5F900EF79BB /* ProtocolAndDelegatesDataPassingDemoUITests.xctest */;
			productType = "com.apple.product-type.bundle.ui-testing";
		};
/* End PBXNativeTarget section */

/* Begin PBXProject section */
		0A5503242A77D5F800EF79BB /* Project object */ = {
			isa = PBXProject;
			attributes = {
				BuildIndependentTargetsInParallel = 1;
				LastSwiftUpdateCheck = 1430;
				LastUpgradeCheck = 1430;
				TargetAttributes = {
					0A55032B2A77D5F800EF79BB = {
						CreatedOnToolsVersion = 14.3.1;
					};
					0A5503412A77D5F900EF79BB = {
						CreatedOnToolsVersion = 14.3.1;
						TestTargetID = 0A55032B2A77D5F800EF79BB;
					};
					0A55034B2A77D5F900EF79BB = {
						CreatedOnToolsVersion = 14.3.1;
						TestTargetID = 0A55032B2A77D5F800EF79BB;
					};
				};
			};
			buildConfigurationList = 0A5503272A77D5F800EF79BB /* Build configuration list for PBXProject "ProtocolAndDelegatesDataPassingDemo" */;
			compatibilityVersion = "Xcode 14.0";
			developmentRegion = en;
			hasScannedForEncodings = 0;
			knownRegions = (
				en,
				Base,
			);
			mainGroup = 0A5503232A77D5F800EF79BB;
			productRefGroup = 0A55032D2A77D5F800EF79BB /* Products */;
			projectDirPath = "";
			projectRoot = "";
			targets = (
				0A55032B2A77D5F800EF79BB /* ProtocolAndDelegatesDataPassingDemo */,
				0A5503412A77D5F900EF79BB /* ProtocolAndDelegatesDataPassingDemoTests */,
				0A55034B2A77D5F900EF79BB /* ProtocolAndDelegatesDataPassingDemoUITests */,
			);
		};
/* End PBXProject section */

/* Begin PBXResourcesBuildPhase section */
		0A55032A2A77D5F800EF79BB /* Resources */ = {
			isa = PBXResourcesBuildPhase;
			buildActionMask = 2147483647;
			files = (
				0A55033C2A77D5F900EF79BB /* LaunchScreen.storyboard in Resources */,
				0A5503392A77D5F900EF79BB /* Assets.xcassets in Resources */,
				0A5503372A77D5F800EF79BB /* Main.storyboard in Resources */,
			);
			runOnlyForDeploymentPostprocessing = 0;
		};
		0A5503402A77D5F900EF79BB /* Resources */ = {
			isa = PBXResourcesBuildPhase;
			buildActionMask = 2147483647;
			files = (
			);
			runOnlyForDeploymentPostprocessing = 0;
		};
		0A55034A2A77D5F900EF79BB /* Resources */ = {
			isa = PBXResourcesBuildPhase;
			buildActionMask = 2147483647;
			files = (
			);
			runOnlyForDeploymentPostprocessing = 0;
		};
/* End PBXResourcesBuildPhase section */

/* Begin PBXSourcesBuildPhase section */
		0A5503282A77D5F800EF79BB /* Sources */ = {
			isa = PBXSourcesBuildPhase;
			buildActionMask = 2147483647;
			files = (
				0A5503602A77D6FF00EF79BB /* SecondViewController.swift in Sources */,
				0A5503342A77D5F800EF79BB /* FirstViewController.swift in Sources */,
				0A5503302A77D5F800EF79BB /* AppDelegate.swift in Sources */,
				0A5503322A77D5F800EF79BB /* SceneDelegate.swift in Sources */,
			);
			runOnlyForDeploymentPostprocessing = 0;
		};
		0A55033E2A77D5F900EF79BB /* Sources */ = {
			isa = PBXSourcesBuildPhase;
			buildActionMask = 2147483647;
			files = (
				0A5503472A77D5F900EF79BB /* ProtocolAndDelegatesDataPassingDemoTests.swift in Sources */,
			);
			runOnlyForDeploymentPostprocessing = 0;
		};
		0A5503482A77D5F900EF79BB /* Sources */ = {
			isa = PBXSourcesBuildPhase;
			buildActionMask = 2147483647;
			files = (
				0A5503532A77D5F900EF79BB /* ProtocolAndDelegatesDataPassingDemoUITestsLaunchTests.swift in Sources */,
				0A5503512A77D5F900EF79BB /* ProtocolAndDelegatesDataPassingDemoUITests.swift in Sources */,
			);
			runOnlyForDeploymentPostprocessing = 0;
		};
/* End PBXSourcesBuildPhase section */

/* Begin PBXTargetDependency section */
		0A5503442A77D5F900EF79BB /* PBXTargetDependency */ = {
			isa = PBXTargetDependency;
			target = 0A55032B2A77D5F800EF79BB /* ProtocolAndDelegatesDataPassingDemo */;
			targetProxy = 0A5503432A77D5F900EF79BB /* PBXContainerItemProxy */;
		};
		0A55034E2A77D5F900EF79BB /* PBXTargetDependency */ = {
			isa = PBXTargetDependency;
			target = 0A55032B2A77D5F800EF79BB /* ProtocolAndDelegatesDataPassingDemo */;
			targetProxy = 0A55034D2A77D5F900EF79BB /* PBXContainerItemProxy */;
		};
/* End PBXTargetDependency section */

/* Begin PBXVariantGroup section */
		0A5503352A77D5F800EF79BB /* Main.storyboard */ = {
			isa = PBXVariantGroup;
			children = (
				0A5503362A77D5F800EF79BB /* Base */,
			);
			name = Main.storyboard;
			sourceTree = "<group>";
		};
		0A55033A2A77D5F900EF79BB /* LaunchScreen.storyboard */ = {
			isa = PBXVariantGroup;
			children = (
				0A55033B2A77D5F900EF79BB /* Base */,
			);
			name = LaunchScreen.storyboard;
			sourceTree = "<group>";
		};
/* End PBXVariantGroup section */

/* Begin XCBuildConfiguration section */
		0A5503542A77D5F900EF79BB /* Debug */ = {
			isa = XCBuildConfiguration;
			buildSettings = {
				ALWAYS_SEARCH_USER_PATHS = NO;
				CLANG_ANALYZER_NONNULL = YES;
				CLANG_ANALYZER_NUMBER_OBJECT_CONVERSION = YES_AGGRESSIVE;
				CLANG_CXX_LANGUAGE_STANDARD = "gnu++20";
				CLANG_ENABLE_MODULES = YES;
				CLANG_ENABLE_OBJC_ARC = YES;
				CLANG_ENABLE_OBJC_WEAK = YES;
				CLANG_WARN_BLOCK_CAPTURE_AUTORELEASING = YES;
				CLANG_WARN_BOOL_CONVERSION = YES;
				CLANG_WARN_COMMA = YES;
				CLANG_WARN_CONSTANT_CONVERSION = YES;
				CLANG_WARN_DEPRECATED_OBJC_IMPLEMENTATIONS = YES;
				CLANG_WARN_DIRECT_OBJC_ISA_USAGE = YES_ERROR;
				CLANG_WARN_DOCUMENTATION_COMMENTS = YES;
				CLANG_WARN_EMPTY_BODY = YES;
				CLANG_WARN_ENUM_CONVERSION = YES;
				CLANG_WARN_INFINITE_RECURSION = YES;
				CLANG_WARN_INT_CONVERSION = YES;
				CLANG_WARN_NON_LITERAL_NULL_CONVERSION = YES;
				CLANG_WARN_OBJC_IMPLICIT_RETAIN_SELF = YES;
				CLANG_WARN_OBJC_LITERAL_CONVERSION = YES;
				CLANG_WARN_OBJC_ROOT_CLASS = YES_ERROR;
				CLANG_WARN_QUOTED_INCLUDE_IN_FRAMEWORK_HEADER = YES;
				CLANG_WARN_RANGE_LOOP_ANALYSIS = YES;
				CLANG_WARN_STRICT_PROTOTYPES = YES;
				CLANG_WARN_SUSPICIOUS_MOVE = YES;
				CLANG_WARN_UNGUARDED_AVAILABILITY = YES_AGGRESSIVE;
				CLANG_WARN_UNREACHABLE_CODE = YES;
				CLANG_WARN__DUPLICATE_METHOD_MATCH = YES;
				COPY_PHASE_STRIP = NO;
				DEBUG_INFORMATION_FORMAT = dwarf;
				ENABLE_STRICT_OBJC_MSGSEND = YES;
				ENABLE_TESTABILITY = YES;
				GCC_C_LANGUAGE_STANDARD = gnu11;
				GCC_DYNAMIC_NO_PIC = NO;
				GCC_NO_COMMON_BLOCKS = YES;
				GCC_OPTIMIZATION_LEVEL = 0;
				GCC_PREPROCESSOR_DEFINITIONS = (
					"DEBUG=1",
					"$(inherited)",
				);
				GCC_WARN_64_TO_32_BIT_CONVERSION = YES;
				GCC_WARN_ABOUT_RETURN_TYPE = YES_ERROR;
				GCC_WARN_UNDECLARED_SELECTOR = YES;
				GCC_WARN_UNINITIALIZED_AUTOS = YES_AGGRESSIVE;
				GCC_WARN_UNUSED_FUNCTION = YES;
				GCC_WARN_UNUSED_VARIABLE = YES;
				IPHONEOS_DEPLOYMENT_TARGET = 16.4;
				MTL_ENABLE_DEBUG_INFO = INCLUDE_SOURCE;
				MTL_FAST_MATH = YES;
				ONLY_ACTIVE_ARCH = YES;
				SDKROOT = iphoneos;
				SWIFT_ACTIVE_COMPILATION_CONDITIONS = DEBUG;
				SWIFT_OPTIMIZATION_LEVEL = "-Onone";
			};
			name = Debug;
		};
		0A5503552A77D5F900EF79BB /* Release */ = {
			isa = XCBuildConfiguration;
			buildSettings = {
				ALWAYS_SEARCH_USER_PATHS = NO;
				CLANG_ANALYZER_NONNULL = YES;
				CLANG_ANALYZER_NUMBER_OBJECT_CONVERSION = YES_AGGRESSIVE;
				CLANG_CXX_LANGUAGE_STANDARD = "gnu++20";
				CLANG_ENABLE_MODULES = YES;
				CLANG_ENABLE_OBJC_ARC = YES;
				CLANG_ENABLE_OBJC_WEAK = YES;
				CLANG_WARN_BLOCK_CAPTURE_AUTORELEASING = YES;
				CLANG_WARN_BOOL_CONVERSION = YES;
				CLANG_WARN_COMMA = YES;
				CLANG_WARN_CONSTANT_CONVERSION = YES;
				CLANG_WARN_DEPRECATED_OBJC_IMPLEMENTATIONS = YES;
				CLANG_WARN_DIRECT_OBJC_ISA_USAGE = YES_ERROR;
				CLANG_WARN_DOCUMENTATION_COMMENTS = YES;
				CLANG_WARN_EMPTY_BODY = YES;
				CLANG_WARN_ENUM_CONVERSION = YES;
				CLANG_WARN_INFINITE_RECURSION = YES;
				CLANG_WARN_INT_CONVERSION = YES;
				CLANG_WARN_NON_LITERAL_NULL_CONVERSION = YES;
				CLANG_WARN_OBJC_IMPLICIT_RETAIN_SELF = YES;
				CLANG_WARN_OBJC_LITERAL_CONVERSION = YES;
				CLANG_WARN_OBJC_ROOT_CLASS = YES_ERROR;
				CLANG_WARN_QUOTED_INCLUDE_IN_FRAMEWORK_HEADER = YES;
				CLANG_WARN_RANGE_LOOP_ANALYSIS = YES;
				CLANG_WARN_STRICT_PROTOTYPES = YES;
				CLANG_WARN_SUSPICIOUS_MOVE = YES;
				CLANG_WARN_UNGUARDED_AVAILABILITY = YES_AGGRESSIVE;
				CLANG_WARN_UNREACHABLE_CODE = YES;
				CLANG_WARN__DUPLICATE_METHOD_MATCH = YES;
				COPY_PHASE_STRIP = NO;
				DEBUG_INFORMATION_FORMAT = "dwarf-with-dsym";
				ENABLE_NS_ASSERTIONS = NO;
				ENABLE_STRICT_OBJC_MSGSEND = YES;
				GCC_C_LANGUAGE_STANDARD = gnu11;
				GCC_NO_COMMON_BLOCKS = YES;
				GCC_WARN_64_TO_32_BIT_CONVERSION = YES;
				GCC_WARN_ABOUT_RETURN_TYPE = YES_ERROR;
				GCC_WARN_UNDECLARED_SELECTOR = YES;
				GCC_WARN_UNINITIALIZED_AUTOS = YES_AGGRESSIVE;
				GCC_WARN_UNUSED_FUNCTION = YES;
				GCC_WARN_UNUSED_VARIABLE = YES;
				IPHONEOS_DEPLOYMENT_TARGET = 16.4;
				MTL_ENABLE_DEBUG_INFO = NO;
				MTL_FAST_MATH = YES;
				SDKROOT = iphoneos;
				SWIFT_COMPILATION_MODE = wholemodule;
				SWIFT_OPTIMIZATION_LEVEL = "-O";
				VALIDATE_PRODUCT = YES;
			};
			name = Release;
		};
		0A5503572A77D5F900EF79BB /* Debug */ = {
			isa = XCBuildConfiguration;
			buildSettings = {
				ASSETCATALOG_COMPILER_APPICON_NAME = AppIcon;
				ASSETCATALOG_COMPILER_GLOBAL_ACCENT_COLOR_NAME = AccentColor;
				CODE_SIGN_STYLE = Automatic;
				CURRENT_PROJECT_VERSION = 1;
				DEVELOPMENT_TEAM = 9H7356835K;
				GENERATE_INFOPLIST_FILE = YES;
				INFOPLIST_FILE = ProtocolAndDelegatesDataPassingDemo/Info.plist;
				INFOPLIST_KEY_UIApplicationSupportsIndirectInputEvents = YES;
				INFOPLIST_KEY_UILaunchStoryboardName = LaunchScreen;
				INFOPLIST_KEY_UIMainStoryboardFile = Main;
				INFOPLIST_KEY_UISupportedInterfaceOrientations_iPad = "UIInterfaceOrientationPortrait UIInterfaceOrientationPortraitUpsideDown UIInterfaceOrientationLandscapeLeft UIInterfaceOrientationLandscapeRight";
				INFOPLIST_KEY_UISupportedInterfaceOrientations_iPhone = "UIInterfaceOrientationPortrait UIInterfaceOrientationLandscapeLeft UIInterfaceOrientationLandscapeRight";
				LD_RUNPATH_SEARCH_PATHS = (
					"$(inherited)",
					"@executable_path/Frameworks",
				);
				MARKETING_VERSION = 1.0;
				PRODUCT_BUNDLE_IDENTIFIER = aashishahlawat23.ProtocolAndDelegatesDataPassingDemo;
				PRODUCT_NAME = "$(TARGET_NAME)";
				SWIFT_EMIT_LOC_STRINGS = YES;
				SWIFT_VERSION = 5.0;
				TARGETED_DEVICE_FAMILY = "1,2";
			};
			name = Debug;
		};
		0A5503582A77D5F900EF79BB /* Release */ = {
			isa = XCBuildConfiguration;
			buildSettings = {
				ASSETCATALOG_COMPILER_APPICON_NAME = AppIcon;
				ASSETCATALOG_COMPILER_GLOBAL_ACCENT_COLOR_NAME = AccentColor;
				CODE_SIGN_STYLE = Automatic;
				CURRENT_PROJECT_VERSION = 1;
				DEVELOPMENT_TEAM = 9H7356835K;
				GENERATE_INFOPLIST_FILE = YES;
				INFOPLIST_FILE = ProtocolAndDelegatesDataPassingDemo/Info.plist;
				INFOPLIST_KEY_UIApplicationSupportsIndirectInputEvents = YES;
				INFOPLIST_KEY_UILaunchStoryboardName = LaunchScreen;
				INFOPLIST_KEY_UIMainStoryboardFile = Main;
				INFOPLIST_KEY_UISupportedInterfaceOrientations_iPad = "UIInterfaceOrientationPortrait UIInterfaceOrientationPortraitUpsideDown UIInterfaceOrientationLandscapeLeft UIInterfaceOrientationLandscapeRight";
				INFOPLIST_KEY_UISupportedInterfaceOrientations_iPhone = "UIInterfaceOrientationPortrait UIInterfaceOrientationLandscapeLeft UIInterfaceOrientationLandscapeRight";
				LD_RUNPATH_SEARCH_PATHS = (
					"$(inherited)",
					"@executable_path/Frameworks",
				);
				MARKETING_VERSION = 1.0;
				PRODUCT_BUNDLE_IDENTIFIER = aashishahlawat23.ProtocolAndDelegatesDataPassingDemo;
				PRODUCT_NAME = "$(TARGET_NAME)";
				SWIFT_EMIT_LOC_STRINGS = YES;
				SWIFT_VERSION = 5.0;
				TARGETED_DEVICE_FAMILY = "1,2";
			};
			name = Release;
		};
		0A55035A2A77D5F900EF79BB /* Debug */ = {
			isa = XCBuildConfiguration;
			buildSettings = {
				ALWAYS_EMBED_SWIFT_STANDARD_LIBRARIES = YES;
				BUNDLE_LOADER = "$(TEST_HOST)";
				CODE_SIGN_STYLE = Automatic;
				CURRENT_PROJECT_VERSION = 1;
				DEVELOPMENT_TEAM = 9H7356835K;
				GENERATE_INFOPLIST_FILE = YES;
				IPHONEOS_DEPLOYMENT_TARGET = 16.4;
				MARKETING_VERSION = 1.0;
				PRODUCT_BUNDLE_IDENTIFIER = aashishahlawat23.ProtocolAndDelegatesDataPassingDemoTests;
				PRODUCT_NAME = "$(TARGET_NAME)";
				SWIFT_EMIT_LOC_STRINGS = NO;
				SWIFT_VERSION = 5.0;
				TARGETED_DEVICE_FAMILY = "1,2";
				TEST_HOST = "$(BUILT_PRODUCTS_DIR)/ProtocolAndDelegatesDataPassingDemo.app/$(BUNDLE_EXECUTABLE_FOLDER_PATH)/ProtocolAndDelegatesDataPassingDemo";
			};
			name = Debug;
		};
		0A55035B2A77D5F900EF79BB /* Release */ = {
			isa = XCBuildConfiguration;
			buildSettings = {
				ALWAYS_EMBED_SWIFT_STANDARD_LIBRARIES = YES;
				BUNDLE_LOADER = "$(TEST_HOST)";
				CODE_SIGN_STYLE = Automatic;
				CURRENT_PROJECT_VERSION = 1;
				DEVELOPMENT_TEAM = 9H7356835K;
				GENERATE_INFOPLIST_FILE = YES;
				IPHONEOS_DEPLOYMENT_TARGET = 16.4;
				MARKETING_VERSION = 1.0;
				PRODUCT_BUNDLE_IDENTIFIER = aashishahlawat23.ProtocolAndDelegatesDataPassingDemoTests;
				PRODUCT_NAME = "$(TARGET_NAME)";
				SWIFT_EMIT_LOC_STRINGS = NO;
				SWIFT_VERSION = 5.0;
				TARGETED_DEVICE_FAMILY = "1,2";
				TEST_HOST = "$(BUILT_PRODUCTS_DIR)/ProtocolAndDelegatesDataPassingDemo.app/$(BUNDLE_EXECUTABLE_FOLDER_PATH)/ProtocolAndDelegatesDataPassingDemo";
			};
			name = Release;
		};
		0A55035D2A77D5F900EF79BB /* Debug */ = {
			isa = XCBuildConfiguration;
			buildSettings = {
				ALWAYS_EMBED_SWIFT_STANDARD_LIBRARIES = YES;
				CODE_SIGN_STYLE = Automatic;
				CURRENT_PROJECT_VERSION = 1;
				DEVELOPMENT_TEAM = 9H7356835K;
				GENERATE_INFOPLIST_FILE = YES;
				MARKETING_VERSION = 1.0;
				PRODUCT_BUNDLE_IDENTIFIER = aashishahlawat23.ProtocolAndDelegatesDataPassingDemoUITests;
				PRODUCT_NAME = "$(TARGET_NAME)";
				SWIFT_EMIT_LOC_STRINGS = NO;
				SWIFT_VERSION = 5.0;
				TARGETED_DEVICE_FAMILY = "1,2";
				TEST_TARGET_NAME = ProtocolAndDelegatesDataPassingDemo;
			};
			name = Debug;
		};
		0A55035E2A77D5F900EF79BB /* Release */ = {
			isa = XCBuildConfiguration;
			buildSettings = {
				ALWAYS_EMBED_SWIFT_STANDARD_LIBRARIES = YES;
				CODE_SIGN_STYLE = Automatic;
				CURRENT_PROJECT_VERSION = 1;
				DEVELOPMENT_TEAM = 9H7356835K;
				GENERATE_INFOPLIST_FILE = YES;
				MARKETING_VERSION = 1.0;
				PRODUCT_BUNDLE_IDENTIFIER = aashishahlawat23.ProtocolAndDelegatesDataPassingDemoUITests;
				PRODUCT_NAME = "$(TARGET_NAME)";
				SWIFT_EMIT_LOC_STRINGS = NO;
				SWIFT_VERSION = 5.0;
				TARGETED_DEVICE_FAMILY = "1,2";
				TEST_TARGET_NAME = ProtocolAndDelegatesDataPassingDemo;
			};
			name = Release;
		};
/* End XCBuildConfiguration section */

/* Begin XCConfigurationList section */
		0A5503272A77D5F800EF79BB /* Build configuration list for PBXProject "ProtocolAndDelegatesDataPassingDemo" */ = {
			isa = XCConfigurationList;
			buildConfigurations = (
				0A5503542A77D5F900EF79BB /* Debug */,
				0A5503552A77D5F900EF79BB /* Release */,
			);
			defaultConfigurationIsVisible = 0;
			defaultConfigurationName = Release;
		};
		0A5503562A77D5F900EF79BB /* Build configuration list for PBXNativeTarget "ProtocolAndDelegatesDataPassingDemo" */ = {
			isa = XCConfigurationList;
			buildConfigurations = (
				0A5503572A77D5F900EF79BB /* Debug */,
				0A5503582A77D5F900EF79BB /* Release */,
			);
			defaultConfigurationIsVisible = 0;
			defaultConfigurationName = Release;
		};
		0A5503592A77D5F900EF79BB /* Build configuration list for PBXNativeTarget "ProtocolAndDelegatesDataPassingDemoTests" */ = {
			isa = XCConfigurationList;
			buildConfigurations = (
				0A55035A2A77D5F900EF79BB /* Debug */,
				0A55035B2A77D5F900EF79BB /* Release */,
			);
			defaultConfigurationIsVisible = 0;
			defaultConfigurationName = Release;
		};
		0A55035C2A77D5F900EF79BB /* Build configuration list for PBXNativeTarget "ProtocolAndDelegatesDataPassingDemoUITests" */ = {
			isa = XCConfigurationList;
			buildConfigurations = (
				0A55035D2A77D5F900EF79BB /* Debug */,
				0A55035E2A77D5F900EF79BB /* Release */,
			);
			defaultConfigurationIsVisible = 0;
			defaultConfigurationName = Release;
		};
/* End XCConfigurationList section */
	};
	rootObject = 0A5503242A77D5F800EF79BB /* Project object */;
}
